{
  "name": "meusite",
  "version": "1.0.0",
  "lockfileVersion": 1,
  "requires": true,
  "dependencies": {
    "enter-view": {
      "version": "2.0.0",
      "resolved": "https://registry.npmjs.org/enter-view/-/enter-view-2.0.0.tgz",
      "integrity": "sha512-8EizbpN293i8WngRo3jn26pW6s+gLhKrpfFiMzCk0Glnc9vqLxmdFSbVoHZN2ThRCkBlG5ns+KDNi7qQHqI+EA=="
    },
    "waypoints": {
      "version": "4.0.1",
      "resolved": "https://registry.npmjs.org/waypoints/-/waypoints-4.0.1.tgz",
      "integrity": "sha1-CZeaBXOBCylifLpDZqKEoGLsacg="
    }
  }
}
